// !$*UTF8*$!
{
	archiveVersion = 1;
	classes = {
	};
	objectVersion = 46;
	objects = {

/* Begin PBXBuildFile section */
		706D78C81C1723AF009C373C /* libpcap.tbd in Frameworks */ = {isa = PBXBuildFile; fileRef = 706D78C71C1723AF009C373C /* libpcap.tbd */; settings = {ATTRIBUTES = (Required, ); }; };
		708E73961C171DDF006FF456 /* main.c in Sources */ = {isa = PBXBuildFile; fileRef = 708E73951C171DDF006FF456 /* main.c */; };
		70994B401C1C5DB7006B092A /* sniffer.c in Sources */ = {isa = PBXBuildFile; fileRef = 70994B3E1C1C5DB7006B092A /* sniffer.c */; };
		70A927A41C1C481A00B773B2 /* pcapFuncs.c in Sources */ = {isa = PBXBuildFile; fileRef = 70A927A21C1C481A00B773B2 /* pcapFuncs.c */; };
		70A927A71C1C499B00B773B2 /* utils.c in Sources */ = {isa = PBXBuildFile; fileRef = 70A927A51C1C499B00B773B2 /* utils.c */; };
/* End PBXBuildFile section */

/* Begin PBXCopyFilesBuildPhase section */
		708E73901C171DDF006FF456 /* CopyFiles */ = {
			isa = PBXCopyFilesBuildPhase;
			buildActionMask = 2147483647;
			dstPath = /usr/share/man/man1/;
			dstSubfolderSpec = 0;
			files = (
			);
			runOnlyForDeploymentPostprocessing = 1;
		};
/* End PBXCopyFilesBuildPhase section */

/* Begin PBXFileReference section */
		706D78C71C1723AF009C373C /* libpcap.tbd */ = {isa = PBXFileReference; lastKnownFileType = "sourcecode.text-based-dylib-definition"; name = libpcap.tbd; path = usr/lib/libpcap.tbd; sourceTree = SDKROOT; };
		708E73921C171DDF006FF456 /* DotaSniffer */ = {isa = PBXFileReference; explicitFileType = "compiled.mach-o.executable"; includeInIndex = 0; path = DotaSniffer; sourceTree = BUILT_PRODUCTS_DIR; };
		708E73951C171DDF006FF456 /* main.c */ = {isa = PBXFileReference; lastKnownFileType = sourcecode.c.c; path = main.c; sourceTree = "<group>"; };
		70994B3E1C1C5DB7006B092A /* sniffer.c */ = {isa = PBXFileReference; fileEncoding = 4; lastKnownFileType = sourcecode.c.c; path = sniffer.c; sourceTree = "<group>"; };
		70994B3F1C1C5DB7006B092A /* sniffer.h */ = {isa = PBXFileReference; fileEncoding = 4; lastKnownFileType = sourcecode.c.h; path = sniffer.h; sourceTree = "<group>"; };
		70A927A21C1C481A00B773B2 /* pcapFuncs.c */ = {isa = PBXFileReference; fileEncoding = 4; lastKnownFileType = sourcecode.c.c; path = pcapFuncs.c; sourceTree = "<group>"; };
		70A927A31C1C481A00B773B2 /* pcapFuncs.h */ = {isa = PBXFileReference; fileEncoding = 4; lastKnownFileType = sourcecode.c.h; path = pcapFuncs.h; sourceTree = "<group>"; };
		70A927A51C1C499B00B773B2 /* utils.c */ = {isa = PBXFileReference; fileEncoding = 4; lastKnownFileType = sourcecode.c.c; path = utils.c; sourceTree = "<group>"; };
		70A927A61C1C499B00B773B2 /* utils.h */ = {isa = PBXFileReference; fileEncoding = 4; lastKnownFileType = sourcecode.c.h; path = utils.h; sourceTree = "<group>"; };
/* End PBXFileReference section */

/* Begin PBXFrameworksBuildPhase section */
		708E738F1C171DDF006FF456 /* Frameworks */ = {
			isa = PBXFrameworksBuildPhase;
			buildActionMask = 2147483647;
			files = (
				706D78C81C1723AF009C373C /* libpcap.tbd in Frameworks */,
			);
			runOnlyForDeploymentPostprocessing = 0;
		};
/* End PBXFrameworksBuildPhase section */

/* Begin PBXGroup section */
		708E73891C171DDF006FF456 = {
			isa = PBXGroup;
			children = (
				706D78C71C1723AF009C373C /* libpcap.tbd */,
				708E73941C171DDF006FF456 /* DotaSniffer */,
				708E73931C171DDF006FF456 /* Products */,
			);
			sourceTree = "<group>";
		};
		708E73931C171DDF006FF456 /* Products */ = {
			isa = PBXGroup;
			children = (
				708E73921C171DDF006FF456 /* DotaSniffer */,
			);
			name = Products;
			sourceTree = "<group>";
		};
		708E73941C171DDF006FF456 /* DotaSniffer */ = {
			isa = PBXGroup;
			children = (
				708E73951C171DDF006FF456 /* main.c */,
				70A927A51C1C499B00B773B2 /* utils.c */,
				70A927A61C1C499B00B773B2 /* utils.h */,
				70A927A21C1C481A00B773B2 /* pcapFuncs.c */,
				70A927A31C1C481A00B773B2 /* pcapFuncs.h */,
				70994B3E1C1C5DB7006B092A /* sniffer.c */,
				70994B3F1C1C5DB7006B092A /* sniffer.h */,
			);
			path = DotaSniffer;
			sourceTree = "<group>";
		};
/* End PBXGroup section */

/* Begin PBXNativeTarget section */
		708E73911C171DDF006FF456 /* DotaSniffer */ = {
			isa = PBXNativeTarget;
			buildConfigurationList = 708E73991C171DDF006FF456 /* Build configuration list for PBXNativeTarget "DotaSniffer" */;
			buildPhases = (
				708E738E1C171DDF006FF456 /* Sources */,
				708E738F1C171DDF006FF456 /* Frameworks */,
				708E73901C171DDF006FF456 /* CopyFiles */,
			);
			buildRules = (
			);
			dependencies = (
			);
			name = DotaSniffer;
			productName = DotaSniffer;
			productReference = 708E73921C171DDF006FF456 /* DotaSniffer */;
			productType = "com.apple.product-type.tool";
		};
/* End PBXNativeTarget section */

/* Begin PBXProject section */
		708E738A1C171DDF006FF456 /* Project object */ = {
			isa = PBXProject;
			attributes = {
				LastUpgradeCheck = 0710;
				ORGANIZATIONNAME = None;
				TargetAttributes = {
					708E73911C171DDF006FF456 = {
						CreatedOnToolsVersion = 7.1.1;
					};
				};
			};
			buildConfigurationList = 708E738D1C171DDF006FF456 /* Build configuration list for PBXProject "DotaSniffer" */;
			compatibilityVersion = "Xcode 3.2";
			developmentRegion = English;
			hasScannedForEncodings = 0;
			knownRegions = (
				en,
			);
			mainGroup = 708E73891C171DDF006FF456;
			productRefGroup = 708E73931C171DDF006FF456 /* Products */;
			projectDirPath = "";
			projectRoot = "";
			targets = (
				708E73911C171DDF006FF456 /* DotaSniffer */,
			);
		};
/* End PBXProject section */

/* Begin PBXSourcesBuildPhase section */
		708E738E1C171DDF006FF456 /* Sources */ = {
			isa = PBXSourcesBuildPhase;
			buildActionMask = 2147483647;
			files = (
				70A927A71C1C499B00B773B2 /* utils.c in Sources */,
				708E73961C171DDF006FF456 /* main.c in Sources */,
				70A927A41C1C481A00B773B2 /* pcapFuncs.c in Sources */,
				70994B401C1C5DB7006B092A /* sniffer.c in Sources */,
			);
			runOnlyForDeploymentPostprocessing = 0;
		};
/* End PBXSourcesBuildPhase section */

/* Begin XCBuildConfiguration section */
		708E73971C171DDF006FF456 /* Debug */ = {
			isa = XCBuildConfiguration;
			buildSettings = {
				ALWAYS_SEARCH_USER_PATHS = NO;
				CLANG_CXX_LANGUAGE_STANDARD = "gnu++0x";
				CLANG_CXX_LIBRARY = "libc++";
				CLANG_ENABLE_MODULES = YES;
				CLANG_ENABLE_OBJC_ARC = YES;
				CLANG_WARN_BOOL_CONVERSION = YES;
				CLANG_WARN_CONSTANT_CONVERSION = YES;
				CLANG_WARN_DIRECT_OBJC_ISA_USAGE = YES_ERROR;
				CLANG_WARN_EMPTY_BODY = YES;
				CLANG_WARN_ENUM_CONVERSION = YES;
				CLANG_WARN_INT_CONVERSION = YES;
				CLANG_WARN_OBJC_ROOT_CLASS = YES_ERROR;
				CLANG_WARN_UNREACHABLE_CODE = YES;
				CLANG_WARN__DUPLICATE_METHOD_MATCH = YES;
				CODE_SIGN_IDENTITY = "-";
				COPY_PHASE_STRIP = NO;
				DEBUG_INFORMATION_FORMAT = dwarf;
				ENABLE_STRICT_OBJC_MSGSEND = YES;
				ENABLE_TESTABILITY = YES;
				GCC_C_LANGUAGE_STANDARD = gnu99;
				GCC_DYNAMIC_NO_PIC = NO;
				GCC_NO_COMMON_BLOCKS = YES;
				GCC_OPTIMIZATION_LEVEL = 0;
				GCC_PREPROCESSOR_DEFINITIONS = (
					"DEBUG=1",
					"$(inherited)",
				);
				GCC_WARN_64_TO_32_BIT_CONVERSION = YES;
				GCC_WARN_ABOUT_RETURN_TYPE = YES_ERROR;
				GCC_WARN_UNDECLARED_SELECTOR = YES;
				GCC_WARN_UNINITIALIZED_AUTOS = YES_AGGRESSIVE;
				GCC_WARN_UNUSED_FUNCTION = YES;
				GCC_WARN_UNUSED_VARIABLE = YES;
				MACOSX_DEPLOYMENT_TARGET = 10.11;
				MTL_ENABLE_DEBUG_INFO = YES;
				ONLY_ACTIVE_ARCH = YES;
				SDKROOT = macosx;
			};
			name = Debug;
		};
		708E73981C171DDF006FF456 /* Release */ = {
			isa = XCBuildConfiguration;
			buildSettings = {
				ALWAYS_SEARCH_USER_PATHS = NO;
				CLANG_CXX_LANGUAGE_STANDARD = "gnu++0x";
				CLANG_CXX_LIBRARY = "libc++";
				CLANG_ENABLE_MODULES = YES;
				CLANG_ENABLE_OBJC_ARC = YES;
				CLANG_WARN_BOOL_CONVERSION = YES;
				CLANG_WARN_CONSTANT_CONVERSION = YES;
				CLANG_WARN_DIRECT_OBJC_ISA_USAGE = YES_ERROR;
				CLANG_WARN_EMPTY_BODY = YES;
				CLANG_WARN_ENUM_CONVERSION = YES;
				CLANG_WARN_INT_CONVERSION = YES;
				CLANG_WARN_OBJC_ROOT_CLASS = YES_ERROR;
				CLANG_WARN_UNREACHABLE_CODE = YES;
				CLANG_WARN__DUPLICATE_METHOD_MATCH = YES;
				CODE_SIGN_IDENTITY = "-";
				COPY_PHASE_STRIP = NO;
				DEBUG_INFORMATION_FORMAT = "dwarf-with-dsym";
				ENABLE_NS_ASSERTIONS = NO;
				ENABLE_STRICT_OBJC_MSGSEND = YES;
				GCC_C_LANGUAGE_STANDARD = gnu99;
				GCC_NO_COMMON_BLOCKS = YES;
				GCC_WARN_64_TO_32_BIT_CONVERSION = YES;
				GCC_WARN_ABOUT_RETURN_TYPE = YES_ERROR;
				GCC_WARN_UNDECLARED_SELECTOR = YES;
				GCC_WARN_UNINITIALIZED_AUTOS = YES_AGGRESSIVE;
				GCC_WARN_UNUSED_FUNCTION = YES;
				GCC_WARN_UNUSED_VARIABLE = YES;
				MACOSX_DEPLOYMENT_TARGET = 10.11;
				MTL_ENABLE_DEBUG_INFO = NO;
				SDKROOT = macosx;
			};
			name = Release;
		};
		708E739A1C171DDF006FF456 /* Debug */ = {
			isa = XCBuildConfiguration;
			buildSettings = {
				PRODUCT_NAME = "$(TARGET_NAME)";
			};
			name = Debug;
		};
		708E739B1C171DDF006FF456 /* Release */ = {
			isa = XCBuildConfiguration;
			buildSettings = {
				PRODUCT_NAME = "$(TARGET_NAME)";
			};
			name = Release;
		};
/* End XCBuildConfiguration section */

/* Begin XCConfigurationList section */
		708E738D1C171DDF006FF456 /* Build configuration list for PBXProject "DotaSniffer" */ = {
			isa = XCConfigurationList;
			buildConfigurations = (
				708E73971C171DDF006FF456 /* Debug */,
				708E73981C171DDF006FF456 /* Release */,
			);
			defaultConfigurationIsVisible = 0;
			defaultConfigurationName = Release;
		};
		708E73991C171DDF006FF456 /* Build configuration list for PBXNativeTarget "DotaSniffer" */ = {
			isa = XCConfigurationList;
			buildConfigurations = (
				708E739A1C171DDF006FF456 /* Debug */,
				708E739B1C171DDF006FF456 /* Release */,
			);
			defaultConfigurationIsVisible = 0;
			defaultConfigurationName = Release;
		};
/* End XCConfigurationList section */
	};
	rootObject = 708E738A1C171DDF006FF456 /* Project object */;
}
